
Microsoft Visual Studio Solution File, Format Version 12.00
# Visual Studio 15
VisualStudioVersion = 15.0.27428.2005
MinimumVisualStudioVersion = 10.0.40219.1
Project("{8BC9CEB8-8B4A-11D0-8D11-00A0C91BC942}") = "CSharpServer", "source\CSharpServer\CSharpServer.vcxproj", "{D35F3635-1AA3-40F2-A5B2-C83DB7D658D2}"
	ProjectSection(ProjectDependencies) = postProject
		{27F22ECD-A9A6-3A66-97AD-E1A8961496DC} = {27F22ECD-A9A6-3A66-97AD-E1A8961496DC}
		{B0C4A4AF-5C75-31E1-9B5C-A73C74EA9A93} = {B0C4A4AF-5C75-31E1-9B5C-A73C74EA9A93}
		{49049300-CA92-3F31-9506-D33D93E597F5} = {49049300-CA92-3F31-9506-D33D93E597F5}
		{823774FB-24DC-3E5D-8DB9-7EF93726C694} = {823774FB-24DC-3E5D-8DB9-7EF93726C694}
	EndProjectSection
EndProject
Project("{2150E333-8FDC-42A3-9474-1A3956D46DE8}") = "examples", "examples", "{9008EDB1-0B48-4E27-8DA7-8914C619D5EE}"
EndProject
Project("{FAE04EC0-301F-11D3-BF4B-00C04F79EFBC}") = "TcpChatClient", "examples\TcpChatClient\TcpChatClient.csproj", "{1B0F9F43-DDFE-4C00-86FD-50541A0F0A5B}"
EndProject
Project("{FAE04EC0-301F-11D3-BF4B-00C04F79EFBC}") = "UdpEchoClient", "examples\UdpEchoClient\UdpEchoClient.csproj", "{E7CC5507-ABEA-448E-A7E7-B7DBD38B44E1}"
EndProject
Project("{FAE04EC0-301F-11D3-BF4B-00C04F79EFBC}") = "UdpMulticastClient", "examples\UdpMulticastClient\UdpMulticastClient.csproj", "{10B350CF-208C-4FE6-A679-A75792E888D9}"
EndProject
Project("{FAE04EC0-301F-11D3-BF4B-00C04F79EFBC}") = "UdpEchoServer", "examples\UdpEchoServer\UdpEchoServer.csproj", "{ADF0DD13-8D03-40DA-8FFA-292105D0B183}"
EndProject
Project("{FAE04EC0-301F-11D3-BF4B-00C04F79EFBC}") = "UdpMulticastServer", "examples\UdpMulticastServer\UdpMulticastServer.csproj", "{D8BD04C1-1F30-4309-B8B3-A77A4B862B05}"
EndProject
Project("{2150E333-8FDC-42A3-9474-1A3956D46DE8}") = "performance", "performance", "{C8FD77AA-426E-41F1-B044-0D59BA3E766A}"
EndProject
Project("{FAE04EC0-301F-11D3-BF4B-00C04F79EFBC}") = "UdpEchoServer", "performance\UdpEchoServer\UdpEchoServer.csproj", "{EA337C8D-3940-4070-82CC-4B889EE18681}"
EndProject
Project("{FAE04EC0-301F-11D3-BF4B-00C04F79EFBC}") = "UdpEchoClient", "performance\UdpEchoClient\UdpEchoClient.csproj", "{601F8930-0D4A-4B4A-A87A-0A4F585B773E}"
EndProject
Project("{FAE04EC0-301F-11D3-BF4B-00C04F79EFBC}") = "TcpEchoClient", "performance\TcpEchoClient\TcpEchoClient.csproj", "{53A147FA-E5F8-4CC1-8F59-94677CBE5C7B}"
EndProject
Project("{FAE04EC0-301F-11D3-BF4B-00C04F79EFBC}") = "TcpChatServer", "examples\TcpChatServer\TcpChatServer.csproj", "{C8B2CA3C-D18A-4FBB-94A0-C9353AF00A43}"
EndProject
Project("{FAE04EC0-301F-11D3-BF4B-00C04F79EFBC}") = "TcpEchoServer", "performance\TcpEchoServer\TcpEchoServer.csproj", "{03DFE865-5A30-4874-AF66-073D43513451}"
EndProject
Project("{FAE04EC0-301F-11D3-BF4B-00C04F79EFBC}") = "SslChatClient", "examples\SslChatClient\SslChatClient.csproj", "{9E90D417-C9FF-4C50-BC30-B91B003E854B}"
EndProject
Project("{FAE04EC0-301F-11D3-BF4B-00C04F79EFBC}") = "SslChatServer", "examples\SslChatServer\SslChatServer.csproj", "{D0C3288B-902B-4C89-9BA5-F5D526D4BABF}"
EndProject
Project("{FAE04EC0-301F-11D3-BF4B-00C04F79EFBC}") = "SslEchoClient", "performance\SslEchoClient\SslEchoClient.csproj", "{1C0DEE29-BA2A-4639-8A19-973C4114305B}"
EndProject
Project("{FAE04EC0-301F-11D3-BF4B-00C04F79EFBC}") = "SslEchoServer", "performance\SslEchoServer\SslEchoServer.csproj", "{E794BB20-D122-495F-8BCA-EFD2EF68CB24}"
EndProject
Project("{FAE04EC0-301F-11D3-BF4B-00C04F79EFBC}") = "TcpMulticastServer", "performance\TcpMulticastServer\TcpMulticastServer.csproj", "{11964635-0A6F-4493-8FAC-6B9E60F9E751}"
EndProject
Project("{FAE04EC0-301F-11D3-BF4B-00C04F79EFBC}") = "TcpMulticastClient", "performance\TcpMulticastClient\TcpMulticastClient.csproj", "{BA4F62C1-3808-4462-AE29-F270BD52932F}"
EndProject
Project("{FAE04EC0-301F-11D3-BF4B-00C04F79EFBC}") = "SslMulticastServer", "performance\SslMulticastServer\SslMulticastServer.csproj", "{561AC65A-7637-4138-8D36-A7DBF849C25E}"
EndProject
Project("{FAE04EC0-301F-11D3-BF4B-00C04F79EFBC}") = "UdpMulticastServer", "performance\UdpMulticastServer\UdpMulticastServer.csproj", "{EF3E7B71-D77D-45FA-80A1-49E3E61CE62D}"
EndProject
Project("{FAE04EC0-301F-11D3-BF4B-00C04F79EFBC}") = "SslMulticastClient", "performance\SslMulticastClient\SslMulticastClient.csproj", "{B900B766-FC02-4CAE-802F-763E51D9373D}"
EndProject
Project("{FAE04EC0-301F-11D3-BF4B-00C04F79EFBC}") = "UdpMulticastClient", "performance\UdpMulticastClient\UdpMulticastClient.csproj", "{46EE8511-4B80-416D-8014-78DFB19AD6EC}"
EndProject
Project("{2150E333-8FDC-42A3-9474-1A3956D46DE8}") = "modules", "modules", "{7039C48A-068C-4804-9632-B53DB27DA6A4}"
EndProject
Project("{8BC9CEB8-8B4A-11D0-8D11-00A0C91BC942}") = "cppserver", "modules\CppServer\temp\cppserver.vcxproj", "{27F22ECD-A9A6-3A66-97AD-E1A8961496DC}"
EndProject
Project("{8BC9CEB8-8B4A-11D0-8D11-00A0C91BC942}") = "asio", "modules\CppServer\temp\modules\asio.vcxproj", "{B0C4A4AF-5C75-31E1-9B5C-A73C74EA9A93}"
EndProject
Project("{8BC9CEB8-8B4A-11D0-8D11-00A0C91BC942}") = "cppcommon", "modules\CppServer\temp\modules\CppCommon\cppcommon.vcxproj", "{49049300-CA92-3F31-9506-D33D93E597F5}"
EndProject
Project("{8BC9CEB8-8B4A-11D0-8D11-00A0C91BC942}") = "fmt", "modules\CppServer\temp\modules\CppCommon\modules\fmt.vcxproj", "{823774FB-24DC-3E5D-8DB9-7EF93726C694}"
EndProject
Project("{FAE04EC0-301F-11D3-BF4B-00C04F79EFBC}") = "AsioTimer", "examples\AsioTimer\AsioTimer.csproj", "{4D52BC22-F2E6-4451-A513-7EDC75272ECC}"
EndProject
Global
	GlobalSection(SolutionConfigurationPlatforms) = preSolution
		Debug|Any CPU = Debug|Any CPU
		Debug|x64 = Debug|x64
		Release|Any CPU = Release|Any CPU
		Release|x64 = Release|x64
	EndGlobalSection
	GlobalSection(ProjectConfigurationPlatforms) = postSolution
		{D35F3635-1AA3-40F2-A5B2-C83DB7D658D2}.Debug|Any CPU.ActiveCfg = Debug|x64
		{D35F3635-1AA3-40F2-A5B2-C83DB7D658D2}.Debug|Any CPU.Build.0 = Debug|x64
		{D35F3635-1AA3-40F2-A5B2-C83DB7D658D2}.Debug|x64.ActiveCfg = Debug|x64
		{D35F3635-1AA3-40F2-A5B2-C83DB7D658D2}.Debug|x64.Build.0 = Debug|x64
		{D35F3635-1AA3-40F2-A5B2-C83DB7D658D2}.Release|Any CPU.ActiveCfg = Release|x64
		{D35F3635-1AA3-40F2-A5B2-C83DB7D658D2}.Release|Any CPU.Build.0 = Release|x64
		{D35F3635-1AA3-40F2-A5B2-C83DB7D658D2}.Release|x64.ActiveCfg = Release|x64
		{D35F3635-1AA3-40F2-A5B2-C83DB7D658D2}.Release|x64.Build.0 = Release|x64
		{1B0F9F43-DDFE-4C00-86FD-50541A0F0A5B}.Debug|Any CPU.ActiveCfg = Debug|Any CPU
		{1B0F9F43-DDFE-4C00-86FD-50541A0F0A5B}.Debug|Any CPU.Build.0 = Debug|Any CPU
		{1B0F9F43-DDFE-4C00-86FD-50541A0F0A5B}.Debug|x64.ActiveCfg = Debug|Any CPU
		{1B0F9F43-DDFE-4C00-86FD-50541A0F0A5B}.Debug|x64.Build.0 = Debug|Any CPU
		{1B0F9F43-DDFE-4C00-86FD-50541A0F0A5B}.Release|Any CPU.ActiveCfg = Release|Any CPU
		{1B0F9F43-DDFE-4C00-86FD-50541A0F0A5B}.Release|Any CPU.Build.0 = Release|Any CPU
		{1B0F9F43-DDFE-4C00-86FD-50541A0F0A5B}.Release|x64.ActiveCfg = Release|Any CPU
		{1B0F9F43-DDFE-4C00-86FD-50541A0F0A5B}.Release|x64.Build.0 = Release|Any CPU
		{E7CC5507-ABEA-448E-A7E7-B7DBD38B44E1}.Debug|Any CPU.ActiveCfg = Debug|Any CPU
		{E7CC5507-ABEA-448E-A7E7-B7DBD38B44E1}.Debug|Any CPU.Build.0 = Debug|Any CPU
		{E7CC5507-ABEA-448E-A7E7-B7DBD38B44E1}.Debug|x64.ActiveCfg = Debug|Any CPU
		{E7CC5507-ABEA-448E-A7E7-B7DBD38B44E1}.Debug|x64.Build.0 = Debug|Any CPU
		{E7CC5507-ABEA-448E-A7E7-B7DBD38B44E1}.Release|Any CPU.ActiveCfg = Release|Any CPU
		{E7CC5507-ABEA-448E-A7E7-B7DBD38B44E1}.Release|Any CPU.Build.0 = Release|Any CPU
		{E7CC5507-ABEA-448E-A7E7-B7DBD38B44E1}.Release|x64.ActiveCfg = Release|Any CPU
		{E7CC5507-ABEA-448E-A7E7-B7DBD38B44E1}.Release|x64.Build.0 = Release|Any CPU
		{10B350CF-208C-4FE6-A679-A75792E888D9}.Debug|Any CPU.ActiveCfg = Debug|Any CPU
		{10B350CF-208C-4FE6-A679-A75792E888D9}.Debug|Any CPU.Build.0 = Debug|Any CPU
		{10B350CF-208C-4FE6-A679-A75792E888D9}.Debug|x64.ActiveCfg = Debug|Any CPU
		{10B350CF-208C-4FE6-A679-A75792E888D9}.Debug|x64.Build.0 = Debug|Any CPU
		{10B350CF-208C-4FE6-A679-A75792E888D9}.Release|Any CPU.ActiveCfg = Release|Any CPU
		{10B350CF-208C-4FE6-A679-A75792E888D9}.Release|Any CPU.Build.0 = Release|Any CPU
		{10B350CF-208C-4FE6-A679-A75792E888D9}.Release|x64.ActiveCfg = Release|Any CPU
		{10B350CF-208C-4FE6-A679-A75792E888D9}.Release|x64.Build.0 = Release|Any CPU
		{ADF0DD13-8D03-40DA-8FFA-292105D0B183}.Debug|Any CPU.ActiveCfg = Debug|Any CPU
		{ADF0DD13-8D03-40DA-8FFA-292105D0B183}.Debug|Any CPU.Build.0 = Debug|Any CPU
		{ADF0DD13-8D03-40DA-8FFA-292105D0B183}.Debug|x64.ActiveCfg = Debug|Any CPU
		{ADF0DD13-8D03-40DA-8FFA-292105D0B183}.Debug|x64.Build.0 = Debug|Any CPU
		{ADF0DD13-8D03-40DA-8FFA-292105D0B183}.Release|Any CPU.ActiveCfg = Release|Any CPU
		{ADF0DD13-8D03-40DA-8FFA-292105D0B183}.Release|Any CPU.Build.0 = Release|Any CPU
		{ADF0DD13-8D03-40DA-8FFA-292105D0B183}.Release|x64.ActiveCfg = Release|Any CPU
		{ADF0DD13-8D03-40DA-8FFA-292105D0B183}.Release|x64.Build.0 = Release|Any CPU
		{D8BD04C1-1F30-4309-B8B3-A77A4B862B05}.Debug|Any CPU.ActiveCfg = Debug|Any CPU
		{D8BD04C1-1F30-4309-B8B3-A77A4B862B05}.Debug|Any CPU.Build.0 = Debug|Any CPU
		{D8BD04C1-1F30-4309-B8B3-A77A4B862B05}.Debug|x64.ActiveCfg = Debug|Any CPU
		{D8BD04C1-1F30-4309-B8B3-A77A4B862B05}.Debug|x64.Build.0 = Debug|Any CPU
		{D8BD04C1-1F30-4309-B8B3-A77A4B862B05}.Release|Any CPU.ActiveCfg = Release|Any CPU
		{D8BD04C1-1F30-4309-B8B3-A77A4B862B05}.Release|Any CPU.Build.0 = Release|Any CPU
		{D8BD04C1-1F30-4309-B8B3-A77A4B862B05}.Release|x64.ActiveCfg = Release|Any CPU
		{D8BD04C1-1F30-4309-B8B3-A77A4B862B05}.Release|x64.Build.0 = Release|Any CPU
		{EA337C8D-3940-4070-82CC-4B889EE18681}.Debug|Any CPU.ActiveCfg = Debug|Any CPU
		{EA337C8D-3940-4070-82CC-4B889EE18681}.Debug|Any CPU.Build.0 = Debug|Any CPU
		{EA337C8D-3940-4070-82CC-4B889EE18681}.Debug|x64.ActiveCfg = Debug|Any CPU
		{EA337C8D-3940-4070-82CC-4B889EE18681}.Debug|x64.Build.0 = Debug|Any CPU
		{EA337C8D-3940-4070-82CC-4B889EE18681}.Release|Any CPU.ActiveCfg = Release|Any CPU
		{EA337C8D-3940-4070-82CC-4B889EE18681}.Release|Any CPU.Build.0 = Release|Any CPU
		{EA337C8D-3940-4070-82CC-4B889EE18681}.Release|x64.ActiveCfg = Release|Any CPU
		{EA337C8D-3940-4070-82CC-4B889EE18681}.Release|x64.Build.0 = Release|Any CPU
		{601F8930-0D4A-4B4A-A87A-0A4F585B773E}.Debug|Any CPU.ActiveCfg = Debug|Any CPU
		{601F8930-0D4A-4B4A-A87A-0A4F585B773E}.Debug|Any CPU.Build.0 = Debug|Any CPU
		{601F8930-0D4A-4B4A-A87A-0A4F585B773E}.Debug|x64.ActiveCfg = Debug|Any CPU
		{601F8930-0D4A-4B4A-A87A-0A4F585B773E}.Debug|x64.Build.0 = Debug|Any CPU
		{601F8930-0D4A-4B4A-A87A-0A4F585B773E}.Release|Any CPU.ActiveCfg = Release|Any CPU
		{601F8930-0D4A-4B4A-A87A-0A4F585B773E}.Release|Any CPU.Build.0 = Release|Any CPU
		{601F8930-0D4A-4B4A-A87A-0A4F585B773E}.Release|x64.ActiveCfg = Release|Any CPU
		{601F8930-0D4A-4B4A-A87A-0A4F585B773E}.Release|x64.Build.0 = Release|Any CPU
		{53A147FA-E5F8-4CC1-8F59-94677CBE5C7B}.Debug|Any CPU.ActiveCfg = Debug|Any CPU
		{53A147FA-E5F8-4CC1-8F59-94677CBE5C7B}.Debug|Any CPU.Build.0 = Debug|Any CPU
		{53A147FA-E5F8-4CC1-8F59-94677CBE5C7B}.Debug|x64.ActiveCfg = Debug|Any CPU
		{53A147FA-E5F8-4CC1-8F59-94677CBE5C7B}.Debug|x64.Build.0 = Debug|Any CPU
		{53A147FA-E5F8-4CC1-8F59-94677CBE5C7B}.Release|Any CPU.ActiveCfg = Release|Any CPU
		{53A147FA-E5F8-4CC1-8F59-94677CBE5C7B}.Release|Any CPU.Build.0 = Release|Any CPU
		{53A147FA-E5F8-4CC1-8F59-94677CBE5C7B}.Release|x64.ActiveCfg = Release|Any CPU
		{53A147FA-E5F8-4CC1-8F59-94677CBE5C7B}.Release|x64.Build.0 = Release|Any CPU
		{C8B2CA3C-D18A-4FBB-94A0-C9353AF00A43}.Debug|Any CPU.ActiveCfg = Debug|Any CPU
		{C8B2CA3C-D18A-4FBB-94A0-C9353AF00A43}.Debug|Any CPU.Build.0 = Debug|Any CPU
		{C8B2CA3C-D18A-4FBB-94A0-C9353AF00A43}.Debug|x64.ActiveCfg = Debug|Any CPU
		{C8B2CA3C-D18A-4FBB-94A0-C9353AF00A43}.Debug|x64.Build.0 = Debug|Any CPU
		{C8B2CA3C-D18A-4FBB-94A0-C9353AF00A43}.Release|Any CPU.ActiveCfg = Release|Any CPU
		{C8B2CA3C-D18A-4FBB-94A0-C9353AF00A43}.Release|Any CPU.Build.0 = Release|Any CPU
		{C8B2CA3C-D18A-4FBB-94A0-C9353AF00A43}.Release|x64.ActiveCfg = Release|Any CPU
		{C8B2CA3C-D18A-4FBB-94A0-C9353AF00A43}.Release|x64.Build.0 = Release|Any CPU
		{03DFE865-5A30-4874-AF66-073D43513451}.Debug|Any CPU.ActiveCfg = Debug|Any CPU
		{03DFE865-5A30-4874-AF66-073D43513451}.Debug|Any CPU.Build.0 = Debug|Any CPU
		{03DFE865-5A30-4874-AF66-073D43513451}.Debug|x64.ActiveCfg = Debug|Any CPU
		{03DFE865-5A30-4874-AF66-073D43513451}.Debug|x64.Build.0 = Debug|Any CPU
		{03DFE865-5A30-4874-AF66-073D43513451}.Release|Any CPU.ActiveCfg = Release|Any CPU
		{03DFE865-5A30-4874-AF66-073D43513451}.Release|Any CPU.Build.0 = Release|Any CPU
		{03DFE865-5A30-4874-AF66-073D43513451}.Release|x64.ActiveCfg = Release|Any CPU
		{03DFE865-5A30-4874-AF66-073D43513451}.Release|x64.Build.0 = Release|Any CPU
		{9E90D417-C9FF-4C50-BC30-B91B003E854B}.Debug|Any CPU.ActiveCfg = Debug|Any CPU
		{9E90D417-C9FF-4C50-BC30-B91B003E854B}.Debug|Any CPU.Build.0 = Debug|Any CPU
		{9E90D417-C9FF-4C50-BC30-B91B003E854B}.Debug|x64.ActiveCfg = Debug|Any CPU
		{9E90D417-C9FF-4C50-BC30-B91B003E854B}.Debug|x64.Build.0 = Debug|Any CPU
		{9E90D417-C9FF-4C50-BC30-B91B003E854B}.Release|Any CPU.ActiveCfg = Release|Any CPU
		{9E90D417-C9FF-4C50-BC30-B91B003E854B}.Release|Any CPU.Build.0 = Release|Any CPU
		{9E90D417-C9FF-4C50-BC30-B91B003E854B}.Release|x64.ActiveCfg = Release|Any CPU
		{9E90D417-C9FF-4C50-BC30-B91B003E854B}.Release|x64.Build.0 = Release|Any CPU
		{D0C3288B-902B-4C89-9BA5-F5D526D4BABF}.Debug|Any CPU.ActiveCfg = Debug|Any CPU
		{D0C3288B-902B-4C89-9BA5-F5D526D4BABF}.Debug|Any CPU.Build.0 = Debug|Any CPU
		{D0C3288B-902B-4C89-9BA5-F5D526D4BABF}.Debug|x64.ActiveCfg = Debug|Any CPU
		{D0C3288B-902B-4C89-9BA5-F5D526D4BABF}.Debug|x64.Build.0 = Debug|Any CPU
		{D0C3288B-902B-4C89-9BA5-F5D526D4BABF}.Release|Any CPU.ActiveCfg = Release|Any CPU
		{D0C3288B-902B-4C89-9BA5-F5D526D4BABF}.Release|Any CPU.Build.0 = Release|Any CPU
		{D0C3288B-902B-4C89-9BA5-F5D526D4BABF}.Release|x64.ActiveCfg = Release|Any CPU
		{D0C3288B-902B-4C89-9BA5-F5D526D4BABF}.Release|x64.Build.0 = Release|Any CPU
		{1C0DEE29-BA2A-4639-8A19-973C4114305B}.Debug|Any CPU.ActiveCfg = Debug|Any CPU
		{1C0DEE29-BA2A-4639-8A19-973C4114305B}.Debug|Any CPU.Build.0 = Debug|Any CPU
		{1C0DEE29-BA2A-4639-8A19-973C4114305B}.Debug|x64.ActiveCfg = Debug|Any CPU
		{1C0DEE29-BA2A-4639-8A19-973C4114305B}.Debug|x64.Build.0 = Debug|Any CPU
		{1C0DEE29-BA2A-4639-8A19-973C4114305B}.Release|Any CPU.ActiveCfg = Release|Any CPU
		{1C0DEE29-BA2A-4639-8A19-973C4114305B}.Release|Any CPU.Build.0 = Release|Any CPU
		{1C0DEE29-BA2A-4639-8A19-973C4114305B}.Release|x64.ActiveCfg = Release|Any CPU
		{1C0DEE29-BA2A-4639-8A19-973C4114305B}.Release|x64.Build.0 = Release|Any CPU
		{E794BB20-D122-495F-8BCA-EFD2EF68CB24}.Debug|Any CPU.ActiveCfg = Debug|Any CPU
		{E794BB20-D122-495F-8BCA-EFD2EF68CB24}.Debug|Any CPU.Build.0 = Debug|Any CPU
		{E794BB20-D122-495F-8BCA-EFD2EF68CB24}.Debug|x64.ActiveCfg = Debug|Any CPU
		{E794BB20-D122-495F-8BCA-EFD2EF68CB24}.Debug|x64.Build.0 = Debug|Any CPU
		{E794BB20-D122-495F-8BCA-EFD2EF68CB24}.Release|Any CPU.ActiveCfg = Release|Any CPU
		{E794BB20-D122-495F-8BCA-EFD2EF68CB24}.Release|Any CPU.Build.0 = Release|Any CPU
		{E794BB20-D122-495F-8BCA-EFD2EF68CB24}.Release|x64.ActiveCfg = Release|Any CPU
		{E794BB20-D122-495F-8BCA-EFD2EF68CB24}.Release|x64.Build.0 = Release|Any CPU
		{11964635-0A6F-4493-8FAC-6B9E60F9E751}.Debug|Any CPU.ActiveCfg = Debug|Any CPU
		{11964635-0A6F-4493-8FAC-6B9E60F9E751}.Debug|Any CPU.Build.0 = Debug|Any CPU
		{11964635-0A6F-4493-8FAC-6B9E60F9E751}.Debug|x64.ActiveCfg = Debug|Any CPU
		{11964635-0A6F-4493-8FAC-6B9E60F9E751}.Debug|x64.Build.0 = Debug|Any CPU
		{11964635-0A6F-4493-8FAC-6B9E60F9E751}.Release|Any CPU.ActiveCfg = Release|Any CPU
		{11964635-0A6F-4493-8FAC-6B9E60F9E751}.Release|Any CPU.Build.0 = Release|Any CPU
		{11964635-0A6F-4493-8FAC-6B9E60F9E751}.Release|x64.ActiveCfg = Release|Any CPU
		{11964635-0A6F-4493-8FAC-6B9E60F9E751}.Release|x64.Build.0 = Release|Any CPU
		{BA4F62C1-3808-4462-AE29-F270BD52932F}.Debug|Any CPU.ActiveCfg = Debug|Any CPU
		{BA4F62C1-3808-4462-AE29-F270BD52932F}.Debug|Any CPU.Build.0 = Debug|Any CPU
		{BA4F62C1-3808-4462-AE29-F270BD52932F}.Debug|x64.ActiveCfg = Debug|Any CPU
		{BA4F62C1-3808-4462-AE29-F270BD52932F}.Debug|x64.Build.0 = Debug|Any CPU
		{BA4F62C1-3808-4462-AE29-F270BD52932F}.Release|Any CPU.ActiveCfg = Release|Any CPU
		{BA4F62C1-3808-4462-AE29-F270BD52932F}.Release|Any CPU.Build.0 = Release|Any CPU
		{BA4F62C1-3808-4462-AE29-F270BD52932F}.Release|x64.ActiveCfg = Release|Any CPU
		{BA4F62C1-3808-4462-AE29-F270BD52932F}.Release|x64.Build.0 = Release|Any CPU
		{561AC65A-7637-4138-8D36-A7DBF849C25E}.Debug|Any CPU.ActiveCfg = Debug|Any CPU
		{561AC65A-7637-4138-8D36-A7DBF849C25E}.Debug|Any CPU.Build.0 = Debug|Any CPU
		{561AC65A-7637-4138-8D36-A7DBF849C25E}.Debug|x64.ActiveCfg = Debug|Any CPU
		{561AC65A-7637-4138-8D36-A7DBF849C25E}.Debug|x64.Build.0 = Debug|Any CPU
		{561AC65A-7637-4138-8D36-A7DBF849C25E}.Release|Any CPU.ActiveCfg = Release|Any CPU
		{561AC65A-7637-4138-8D36-A7DBF849C25E}.Release|Any CPU.Build.0 = Release|Any CPU
		{561AC65A-7637-4138-8D36-A7DBF849C25E}.Release|x64.ActiveCfg = Release|Any CPU
		{561AC65A-7637-4138-8D36-A7DBF849C25E}.Release|x64.Build.0 = Release|Any CPU
		{EF3E7B71-D77D-45FA-80A1-49E3E61CE62D}.Debug|Any CPU.ActiveCfg = Debug|Any CPU
		{EF3E7B71-D77D-45FA-80A1-49E3E61CE62D}.Debug|Any CPU.Build.0 = Debug|Any CPU
		{EF3E7B71-D77D-45FA-80A1-49E3E61CE62D}.Debug|x64.ActiveCfg = Debug|Any CPU
		{EF3E7B71-D77D-45FA-80A1-49E3E61CE62D}.Debug|x64.Build.0 = Debug|Any CPU
		{EF3E7B71-D77D-45FA-80A1-49E3E61CE62D}.Release|Any CPU.ActiveCfg = Release|Any CPU
		{EF3E7B71-D77D-45FA-80A1-49E3E61CE62D}.Release|Any CPU.Build.0 = Release|Any CPU
		{EF3E7B71-D77D-45FA-80A1-49E3E61CE62D}.Release|x64.ActiveCfg = Release|Any CPU
		{EF3E7B71-D77D-45FA-80A1-49E3E61CE62D}.Release|x64.Build.0 = Release|Any CPU
		{B900B766-FC02-4CAE-802F-763E51D9373D}.Debug|Any CPU.ActiveCfg = Debug|Any CPU
		{B900B766-FC02-4CAE-802F-763E51D9373D}.Debug|Any CPU.Build.0 = Debug|Any CPU
		{B900B766-FC02-4CAE-802F-763E51D9373D}.Debug|x64.ActiveCfg = Debug|Any CPU
		{B900B766-FC02-4CAE-802F-763E51D9373D}.Debug|x64.Build.0 = Debug|Any CPU
		{B900B766-FC02-4CAE-802F-763E51D9373D}.Release|Any CPU.ActiveCfg = Release|Any CPU
		{B900B766-FC02-4CAE-802F-763E51D9373D}.Release|Any CPU.Build.0 = Release|Any CPU
		{B900B766-FC02-4CAE-802F-763E51D9373D}.Release|x64.ActiveCfg = Release|Any CPU
		{B900B766-FC02-4CAE-802F-763E51D9373D}.Release|x64.Build.0 = Release|Any CPU
		{46EE8511-4B80-416D-8014-78DFB19AD6EC}.Debug|Any CPU.ActiveCfg = Debug|Any CPU
		{46EE8511-4B80-416D-8014-78DFB19AD6EC}.Debug|Any CPU.Build.0 = Debug|Any CPU
		{46EE8511-4B80-416D-8014-78DFB19AD6EC}.Debug|x64.ActiveCfg = Debug|Any CPU
		{46EE8511-4B80-416D-8014-78DFB19AD6EC}.Debug|x64.Build.0 = Debug|Any CPU
		{46EE8511-4B80-416D-8014-78DFB19AD6EC}.Release|Any CPU.ActiveCfg = Release|Any CPU
		{46EE8511-4B80-416D-8014-78DFB19AD6EC}.Release|Any CPU.Build.0 = Release|Any CPU
		{46EE8511-4B80-416D-8014-78DFB19AD6EC}.Release|x64.ActiveCfg = Release|Any CPU
		{46EE8511-4B80-416D-8014-78DFB19AD6EC}.Release|x64.Build.0 = Release|Any CPU
		{27F22ECD-A9A6-3A66-97AD-E1A8961496DC}.Debug|Any CPU.ActiveCfg = Debug|x64
		{27F22ECD-A9A6-3A66-97AD-E1A8961496DC}.Debug|Any CPU.Build.0 = Debug|x64
		{27F22ECD-A9A6-3A66-97AD-E1A8961496DC}.Debug|x64.ActiveCfg = Debug|x64
		{27F22ECD-A9A6-3A66-97AD-E1A8961496DC}.Debug|x64.Build.0 = Debug|x64
		{27F22ECD-A9A6-3A66-97AD-E1A8961496DC}.Release|Any CPU.ActiveCfg = Release|x64
		{27F22ECD-A9A6-3A66-97AD-E1A8961496DC}.Release|Any CPU.Build.0 = Release|x64
		{27F22ECD-A9A6-3A66-97AD-E1A8961496DC}.Release|x64.ActiveCfg = RelWithDebInfo|x64
		{27F22ECD-A9A6-3A66-97AD-E1A8961496DC}.Release|x64.Build.0 = RelWithDebInfo|x64
		{B0C4A4AF-5C75-31E1-9B5C-A73C74EA9A93}.Debug|Any CPU.ActiveCfg = Debug|x64
		{B0C4A4AF-5C75-31E1-9B5C-A73C74EA9A93}.Debug|Any CPU.Build.0 = Debug|x64
		{B0C4A4AF-5C75-31E1-9B5C-A73C74EA9A93}.Debug|x64.ActiveCfg = Debug|x64
		{B0C4A4AF-5C75-31E1-9B5C-A73C74EA9A93}.Debug|x64.Build.0 = Debug|x64
		{B0C4A4AF-5C75-31E1-9B5C-A73C74EA9A93}.Release|Any CPU.ActiveCfg = Release|x64
		{B0C4A4AF-5C75-31E1-9B5C-A73C74EA9A93}.Release|Any CPU.Build.0 = Release|x64
		{B0C4A4AF-5C75-31E1-9B5C-A73C74EA9A93}.Release|x64.ActiveCfg = RelWithDebInfo|x64
		{B0C4A4AF-5C75-31E1-9B5C-A73C74EA9A93}.Release|x64.Build.0 = RelWithDebInfo|x64
		{49049300-CA92-3F31-9506-D33D93E597F5}.Debug|Any CPU.ActiveCfg = Debug|x64
		{49049300-CA92-3F31-9506-D33D93E597F5}.Debug|Any CPU.Build.0 = Debug|x64
		{49049300-CA92-3F31-9506-D33D93E597F5}.Debug|x64.ActiveCfg = Debug|x64
		{49049300-CA92-3F31-9506-D33D93E597F5}.Debug|x64.Build.0 = Debug|x64
		{49049300-CA92-3F31-9506-D33D93E597F5}.Release|Any CPU.ActiveCfg = Release|x64
		{49049300-CA92-3F31-9506-D33D93E597F5}.Release|Any CPU.Build.0 = Release|x64
		{49049300-CA92-3F31-9506-D33D93E597F5}.Release|x64.ActiveCfg = RelWithDebInfo|x64
		{49049300-CA92-3F31-9506-D33D93E597F5}.Release|x64.Build.0 = RelWithDebInfo|x64
		{823774FB-24DC-3E5D-8DB9-7EF93726C694}.Debug|Any CPU.ActiveCfg = Debug|x64
		{823774FB-24DC-3E5D-8DB9-7EF93726C694}.Debug|Any CPU.Build.0 = Debug|x64
		{823774FB-24DC-3E5D-8DB9-7EF93726C694}.Debug|x64.ActiveCfg = Debug|x64
		{823774FB-24DC-3E5D-8DB9-7EF93726C694}.Debug|x64.Build.0 = Debug|x64
		{823774FB-24DC-3E5D-8DB9-7EF93726C694}.Release|Any CPU.ActiveCfg = Release|x64
		{823774FB-24DC-3E5D-8DB9-7EF93726C694}.Release|Any CPU.Build.0 = Release|x64
		{823774FB-24DC-3E5D-8DB9-7EF93726C694}.Release|x64.ActiveCfg = RelWithDebInfo|x64
		{823774FB-24DC-3E5D-8DB9-7EF93726C694}.Release|x64.Build.0 = RelWithDebInfo|x64
		{4D52BC22-F2E6-4451-A513-7EDC75272ECC}.Debug|Any CPU.ActiveCfg = Debug|Any CPU
		{4D52BC22-F2E6-4451-A513-7EDC75272ECC}.Debug|Any CPU.Build.0 = Debug|Any CPU
		{4D52BC22-F2E6-4451-A513-7EDC75272ECC}.Debug|x64.ActiveCfg = Debug|Any CPU
		{4D52BC22-F2E6-4451-A513-7EDC75272ECC}.Debug|x64.Build.0 = Debug|Any CPU
		{4D52BC22-F2E6-4451-A513-7EDC75272ECC}.Release|Any CPU.ActiveCfg = Release|Any CPU
		{4D52BC22-F2E6-4451-A513-7EDC75272ECC}.Release|Any CPU.Build.0 = Release|Any CPU
		{4D52BC22-F2E6-4451-A513-7EDC75272ECC}.Release|x64.ActiveCfg = Release|Any CPU
		{4D52BC22-F2E6-4451-A513-7EDC75272ECC}.Release|x64.Build.0 = Release|Any CPU
	EndGlobalSection
	GlobalSection(SolutionProperties) = preSolution
		HideSolutionNode = FALSE
	EndGlobalSection
	GlobalSection(NestedProjects) = preSolution
		{1B0F9F43-DDFE-4C00-86FD-50541A0F0A5B} = {9008EDB1-0B48-4E27-8DA7-8914C619D5EE}
		{E7CC5507-ABEA-448E-A7E7-B7DBD38B44E1} = {9008EDB1-0B48-4E27-8DA7-8914C619D5EE}
		{10B350CF-208C-4FE6-A679-A75792E888D9} = {9008EDB1-0B48-4E27-8DA7-8914C619D5EE}
		{ADF0DD13-8D03-40DA-8FFA-292105D0B183} = {9008EDB1-0B48-4E27-8DA7-8914C619D5EE}
		{D8BD04C1-1F30-4309-B8B3-A77A4B862B05} = {9008EDB1-0B48-4E27-8DA7-8914C619D5EE}
		{EA337C8D-3940-4070-82CC-4B889EE18681} = {C8FD77AA-426E-41F1-B044-0D59BA3E766A}
		{601F8930-0D4A-4B4A-A87A-0A4F585B773E} = {C8FD77AA-426E-41F1-B044-0D59BA3E766A}
		{53A147FA-E5F8-4CC1-8F59-94677CBE5C7B} = {C8FD77AA-426E-41F1-B044-0D59BA3E766A}
		{C8B2CA3C-D18A-4FBB-94A0-C9353AF00A43} = {9008EDB1-0B48-4E27-8DA7-8914C619D5EE}
		{03DFE865-5A30-4874-AF66-073D43513451} = {C8FD77AA-426E-41F1-B044-0D59BA3E766A}
		{9E90D417-C9FF-4C50-BC30-B91B003E854B} = {9008EDB1-0B48-4E27-8DA7-8914C619D5EE}
		{D0C3288B-902B-4C89-9BA5-F5D526D4BABF} = {9008EDB1-0B48-4E27-8DA7-8914C619D5EE}
		{1C0DEE29-BA2A-4639-8A19-973C4114305B} = {C8FD77AA-426E-41F1-B044-0D59BA3E766A}
		{E794BB20-D122-495F-8BCA-EFD2EF68CB24} = {C8FD77AA-426E-41F1-B044-0D59BA3E766A}
		{11964635-0A6F-4493-8FAC-6B9E60F9E751} = {C8FD77AA-426E-41F1-B044-0D59BA3E766A}
		{BA4F62C1-3808-4462-AE29-F270BD52932F} = {C8FD77AA-426E-41F1-B044-0D59BA3E766A}
		{561AC65A-7637-4138-8D36-A7DBF849C25E} = {C8FD77AA-426E-41F1-B044-0D59BA3E766A}
		{EF3E7B71-D77D-45FA-80A1-49E3E61CE62D} = {C8FD77AA-426E-41F1-B044-0D59BA3E766A}
		{B900B766-FC02-4CAE-802F-763E51D9373D} = {C8FD77AA-426E-41F1-B044-0D59BA3E766A}
		{46EE8511-4B80-416D-8014-78DFB19AD6EC} = {C8FD77AA-426E-41F1-B044-0D59BA3E766A}
		{27F22ECD-A9A6-3A66-97AD-E1A8961496DC} = {7039C48A-068C-4804-9632-B53DB27DA6A4}
		{B0C4A4AF-5C75-31E1-9B5C-A73C74EA9A93} = {7039C48A-068C-4804-9632-B53DB27DA6A4}
		{49049300-CA92-3F31-9506-D33D93E597F5} = {7039C48A-068C-4804-9632-B53DB27DA6A4}
		{823774FB-24DC-3E5D-8DB9-7EF93726C694} = {7039C48A-068C-4804-9632-B53DB27DA6A4}
		{4D52BC22-F2E6-4451-A513-7EDC75272ECC} = {9008EDB1-0B48-4E27-8DA7-8914C619D5EE}
	EndGlobalSection
	GlobalSection(ExtensibilityGlobals) = postSolution
		SolutionGuid = {8F96626A-829F-4DE0-99A8-5C9EC695E049}
	EndGlobalSection
EndGlobal
